
Microsoft Visual Studio Solution File, Format Version 12.00
# Visual Studio Version 17
VisualStudioVersion = 17.0.31903.59
MinimumVisualStudioVersion = 10.0.40219.1
Project("{2150E333-8FDC-42A3-9474-1A3956D46DE8}") = "src", "src", "{827E0CD3-B72D-47B6-A68D-7590B98EB39B}"
EndProject
Project("{FAE04EC0-301F-11D3-BF4B-00C04F79EFBC}") = "AionMeter.Core", "src\AionMeter.Core\AionMeter.Core.csproj", "{51880590-C429-4B72-9236-18F4054DEC36}"
EndProject
Project("{FAE04EC0-301F-11D3-BF4B-00C04F79EFBC}") = "AionMeter.App", "src\AionMeter.App\AionMeter.App.csproj", "{CEC3D9E8-F6ED-4E99-8512-B4670460F2C7}"
EndProject
Project("{FAE04EC0-301F-11D3-BF4B-00C04F79EFBC}") = "AionMeter.Cli", "src\AionMeter.Cli\AionMeter.Cli.csproj", "{1AB8551F-7A34-40F4-909C-A4817ED9B76E}"
EndProject
Project("{2150E333-8FDC-42A3-9474-1A3956D46DE8}") = "tests", "tests", "{0AB3BF05-4346-4AA6-1389-037BE0695223}"
EndProject
Project("{FAE04EC0-301F-11D3-BF4B-00C04F79EFBC}") = "AionMeter.Tests", "tests\AionMeter.Tests\AionMeter.Tests.csproj", "{9E100371-57ED-4683-9E6E-2BF9687465B2}"
EndProject
Global
	GlobalSection(SolutionConfigurationPlatforms) = preSolution
		Debug|Any CPU = Debug|Any CPU
		Debug|x64 = Debug|x64
		Debug|x86 = Debug|x86
		Release|Any CPU = Release|Any CPU
		Release|x64 = Release|x64
		Release|x86 = Release|x86
	EndGlobalSection
	GlobalSection(ProjectConfigurationPlatforms) = postSolution
		{51880590-C429-4B72-9236-18F4054DEC36}.Debug|Any CPU.ActiveCfg = Debug|Any CPU
		{51880590-C429-4B72-9236-18F4054DEC36}.Debug|Any CPU.Build.0 = Debug|Any CPU
		{51880590-C429-4B72-9236-18F4054DEC36}.Debug|x64.ActiveCfg = Debug|Any CPU
		{51880590-C429-4B72-9236-18F4054DEC36}.Debug|x64.Build.0 = Debug|Any CPU
		{51880590-C429-4B72-9236-18F4054DEC36}.Debug|x86.ActiveCfg = Debug|Any CPU
		{51880590-C429-4B72-9236-18F4054DEC36}.Debug|x86.Build.0 = Debug|Any CPU
		{51880590-C429-4B72-9236-18F4054DEC36}.Release|Any CPU.ActiveCfg = Release|Any CPU
		{51880590-C429-4B72-9236-18F4054DEC36}.Release|Any CPU.Build.0 = Release|Any CPU
		{51880590-C429-4B72-9236-18F4054DEC36}.Release|x64.ActiveCfg = Release|Any CPU
		{51880590-C429-4B72-9236-18F4054DEC36}.Release|x64.Build.0 = Release|Any CPU
		{51880590-C429-4B72-9236-18F4054DEC36}.Release|x86.ActiveCfg = Release|Any CPU
		{51880590-C429-4B72-9236-18F4054DEC36}.Release|x86.Build.0 = Release|Any CPU
		{CEC3D9E8-F6ED-4E99-8512-B4670460F2C7}.Debug|Any CPU.ActiveCfg = Debug|Any CPU
		{CEC3D9E8-F6ED-4E99-8512-B4670460F2C7}.Debug|Any CPU.Build.0 = Debug|Any CPU
		{CEC3D9E8-F6ED-4E99-8512-B4670460F2C7}.Debug|x64.ActiveCfg = Debug|Any CPU
		{CEC3D9E8-F6ED-4E99-8512-B4670460F2C7}.Debug|x64.Build.0 = Debug|Any CPU
		{CEC3D9E8-F6ED-4E99-8512-B4670460F2C7}.Debug|x86.ActiveCfg = Debug|Any CPU
		{CEC3D9E8-F6ED-4E99-8512-B4670460F2C7}.Debug|x86.Build.0 = Debug|Any CPU
		{CEC3D9E8-F6ED-4E99-8512-B4670460F2C7}.Release|Any CPU.ActiveCfg = Release|Any CPU
		{CEC3D9E8-F6ED-4E99-8512-B4670460F2C7}.Release|Any CPU.Build.0 = Release|Any CPU
		{CEC3D9E8-F6ED-4E99-8512-B4670460F2C7}.Release|x64.ActiveCfg = Release|Any CPU
		{CEC3D9E8-F6ED-4E99-8512-B4670460F2C7}.Release|x64.Build.0 = Release|Any CPU
		{CEC3D9E8-F6ED-4E99-8512-B4670460F2C7}.Release|x86.ActiveCfg = Release|Any CPU
		{CEC3D9E8-F6ED-4E99-8512-B4670460F2C7}.Release|x86.Build.0 = Release|Any CPU
		{1AB8551F-7A34-40F4-909C-A4817ED9B76E}.Debug|Any CPU.ActiveCfg = Debug|Any CPU
		{1AB8551F-7A34-40F4-909C-A4817ED9B76E}.Debug|Any CPU.Build.0 = Debug|Any CPU
		{1AB8551F-7A34-40F4-909C-A4817ED9B76E}.Debug|x64.ActiveCfg = Debug|Any CPU
		{1AB8551F-7A34-40F4-909C-A4817ED9B76E}.Debug|x64.Build.0 = Debug|Any CPU
		{1AB8551F-7A34-40F4-909C-A4817ED9B76E}.Debug|x86.ActiveCfg = Debug|Any CPU
		{1AB8551F-7A34-40F4-909C-A4817ED9B76E}.Debug|x86.Build.0 = Debug|Any CPU
		{1AB8551F-7A34-40F4-909C-A4817ED9B76E}.Release|Any CPU.ActiveCfg = Release|Any CPU
		{1AB8551F-7A34-40F4-909C-A4817ED9B76E}.Release|Any CPU.Build.0 = Release|Any CPU
		{1AB8551F-7A34-40F4-909C-A4817ED9B76E}.Release|x64.ActiveCfg = Release|Any CPU
		{1AB8551F-7A34-40F4-909C-A4817ED9B76E}.Release|x64.Build.0 = Release|Any CPU
		{1AB8551F-7A34-40F4-909C-A4817ED9B76E}.Release|x86.ActiveCfg = Release|Any CPU
		{1AB8551F-7A34-40F4-909C-A4817ED9B76E}.Release|x86.Build.0 = Release|Any CPU
		{9E100371-57ED-4683-9E6E-2BF9687465B2}.Debug|Any CPU.ActiveCfg = Debug|Any CPU
		{9E100371-57ED-4683-9E6E-2BF9687465B2}.Debug|Any CPU.Build.0 = Debug|Any CPU
		{9E100371-57ED-4683-9E6E-2BF9687465B2}.Debug|x64.ActiveCfg = Debug|Any CPU
		{9E100371-57ED-4683-9E6E-2BF9687465B2}.Debug|x64.Build.0 = Debug|Any CPU
		{9E100371-57ED-4683-9E6E-2BF9687465B2}.Debug|x86.ActiveCfg = Debug|Any CPU
		{9E100371-57ED-4683-9E6E-2BF9687465B2}.Debug|x86.Build.0 = Debug|Any CPU
		{9E100371-57ED-4683-9E6E-2BF9687465B2}.Release|Any CPU.ActiveCfg = Release|Any CPU
		{9E100371-57ED-4683-9E6E-2BF9687465B2}.Release|Any CPU.Build.0 = Release|Any CPU
		{9E100371-57ED-4683-9E6E-2BF9687465B2}.Release|x64.ActiveCfg = Release|Any CPU
		{9E100371-57ED-4683-9E6E-2BF9687465B2}.Release|x64.Build.0 = Release|Any CPU
		{9E100371-57ED-4683-9E6E-2BF9687465B2}.Release|x86.ActiveCfg = Release|Any CPU
		{9E100371-57ED-4683-9E6E-2BF9687465B2}.Release|x86.Build.0 = Release|Any CPU
	EndGlobalSection
	GlobalSection(SolutionProperties) = preSolution
		HideSolutionNode = FALSE
	EndGlobalSection
	GlobalSection(NestedProjects) = preSolution
		{51880590-C429-4B72-9236-18F4054DEC36} = {827E0CD3-B72D-47B6-A68D-7590B98EB39B}
		{CEC3D9E8-F6ED-4E99-8512-B4670460F2C7} = {827E0CD3-B72D-47B6-A68D-7590B98EB39B}
		{1AB8551F-7A34-40F4-909C-A4817ED9B76E} = {827E0CD3-B72D-47B6-A68D-7590B98EB39B}
		{9E100371-57ED-4683-9E6E-2BF9687465B2} = {0AB3BF05-4346-4AA6-1389-037BE0695223}
	EndGlobalSection
EndGlobal
